// !$*UTF8*$!
{
	archiveVersion = 1;
	classes = {
	};
	objectVersion = 55;
	objects = {

/* Begin PBXBuildFile section */
		554972822D9C5E0C0080E062 /* AppDelegate.swift in Sources */ = {isa = PBXBuildFile; fileRef = 554972812D9C5E0C0080E062 /* AppDelegate.swift */; };
		554972842D9C5E0C0080E062 /* SceneDelegate.swift in Sources */ = {isa = PBXBuildFile; fileRef = 554972832D9C5E0C0080E062 /* SceneDelegate.swift */; };
		554972892D9C5E0C0080E062 /* Main.storyboard in Resources */ = {isa = PBXBuildFile; fileRef = 554972872D9C5E0C0080E062 /* Main.storyboard */; };
		5549728B2D9C5E0D0080E062 /* Assets.xcassets in Resources */ = {isa = PBXBuildFile; fileRef = 5549728A2D9C5E0D0080E062 /* Assets.xcassets */; };
		5549728E2D9C5E0D0080E062 /* LaunchScreen.storyboard in Resources */ = {isa = PBXBuildFile; fileRef = 5549728C2D9C5E0D0080E062 /* LaunchScreen.storyboard */; };
		5549729C2D9C61B50080E062 /* SCHomeView.swift in Sources */ = {isa = PBXBuildFile; fileRef = 5549729B2D9C61B50080E062 /* SCHomeView.swift */; };
		5549729F2D9C622B0080E062 /* SCViewSelectedDate.swift in Sources */ = {isa = PBXBuildFile; fileRef = 5549729E2D9C622B0080E062 /* SCViewSelectedDate.swift */; };
		554972A12D9C62370080E062 /* SCViewAcces.swift in Sources */ = {isa = PBXBuildFile; fileRef = 554972A02D9C62370080E062 /* SCViewAcces.swift */; };
		554972A32D9C62450080E062 /* SCQuickActions.swift in Sources */ = {isa = PBXBuildFile; fileRef = 554972A22D9C62450080E062 /* SCQuickActions.swift */; };
		554972A52D9C624E0080E062 /* SCViewMetrics.swift in Sources */ = {isa = PBXBuildFile; fileRef = 554972A42D9C624E0080E062 /* SCViewMetrics.swift */; };
		554972A72D9C62580080E062 /* SCViewRecentActivity.swift in Sources */ = {isa = PBXBuildFile; fileRef = 554972A62D9C62580080E062 /* SCViewRecentActivity.swift */; };
		554972A92D9C62620080E062 /* SCViewUsersInfo.swift in Sources */ = {isa = PBXBuildFile; fileRef = 554972A82D9C62620080E062 /* SCViewUsersInfo.swift */; };
		554972AB2D9C626B0080E062 /* SCViewUsers.swift in Sources */ = {isa = PBXBuildFile; fileRef = 554972AA2D9C626B0080E062 /* SCViewUsers.swift */; };
		554972AD2D9C62760080E062 /* SCViewTransactionsInfo.swift in Sources */ = {isa = PBXBuildFile; fileRef = 554972AC2D9C62760080E062 /* SCViewTransactionsInfo.swift */; };
		554972AF2D9C62840080E062 /* SCViewTransactions.swift in Sources */ = {isa = PBXBuildFile; fileRef = 554972AE2D9C62840080E062 /* SCViewTransactions.swift */; };
		554972B22D9C62E90080E062 /* SCModelOfAcces.swift in Sources */ = {isa = PBXBuildFile; fileRef = 554972B12D9C62E90080E062 /* SCModelOfAcces.swift */; };
		554972B42D9C62F30080E062 /* SCStructOfAcces.swift in Sources */ = {isa = PBXBuildFile; fileRef = 554972B32D9C62F30080E062 /* SCStructOfAcces.swift */; };
		554972B62D9DAF3B0080E062 /* GoogleService-Info.plist in Resources */ = {isa = PBXBuildFile; fileRef = 554972B52D9DAF3B0080E062 /* GoogleService-Info.plist */; };
		554972B82D9E33260080E062 /* SCLoginView.swift in Sources */ = {isa = PBXBuildFile; fileRef = 554972B72D9E33260080E062 /* SCLoginView.swift */; };
/* End PBXBuildFile section */

/* Begin PBXFileReference section */
		5549727E2D9C5E0C0080E062 /* SmartCoto_App.app */ = {isa = PBXFileReference; explicitFileType = wrapper.application; includeInIndex = 0; path = SmartCoto_App.app; sourceTree = BUILT_PRODUCTS_DIR; };
		554972812D9C5E0C0080E062 /* AppDelegate.swift */ = {isa = PBXFileReference; lastKnownFileType = sourcecode.swift; path = AppDelegate.swift; sourceTree = "<group>"; };
		554972832D9C5E0C0080E062 /* SceneDelegate.swift */ = {isa = PBXFileReference; lastKnownFileType = sourcecode.swift; path = SceneDelegate.swift; sourceTree = "<group>"; };
		554972882D9C5E0C0080E062 /* Base */ = {isa = PBXFileReference; lastKnownFileType = file.storyboard; name = Base; path = Base.lproj/Main.storyboard; sourceTree = "<group>"; };
		5549728A2D9C5E0D0080E062 /* Assets.xcassets */ = {isa = PBXFileReference; lastKnownFileType = folder.assetcatalog; path = Assets.xcassets; sourceTree = "<group>"; };
		5549728D2D9C5E0D0080E062 /* Base */ = {isa = PBXFileReference; lastKnownFileType = file.storyboard; name = Base; path = Base.lproj/LaunchScreen.storyboard; sourceTree = "<group>"; };
		5549728F2D9C5E0D0080E062 /* Info.plist */ = {isa = PBXFileReference; lastKnownFileType = text.plist.xml; path = Info.plist; sourceTree = "<group>"; };
		5549729B2D9C61B50080E062 /* SCHomeView.swift */ = {isa = PBXFileReference; lastKnownFileType = sourcecode.swift; path = SCHomeView.swift; sourceTree = "<group>"; };
		5549729E2D9C622B0080E062 /* SCViewSelectedDate.swift */ = {isa = PBXFileReference; lastKnownFileType = sourcecode.swift; path = SCViewSelectedDate.swift; sourceTree = "<group>"; };
		554972A02D9C62370080E062 /* SCViewAcces.swift */ = {isa = PBXFileReference; lastKnownFileType = sourcecode.swift; path = SCViewAcces.swift; sourceTree = "<group>"; };
		554972A22D9C62450080E062 /* SCQuickActions.swift */ = {isa = PBXFileReference; lastKnownFileType = sourcecode.swift; path = SCQuickActions.swift; sourceTree = "<group>"; };
		554972A42D9C624E0080E062 /* SCViewMetrics.swift */ = {isa = PBXFileReference; lastKnownFileType = sourcecode.swift; path = SCViewMetrics.swift; sourceTree = "<group>"; };
		554972A62D9C62580080E062 /* SCViewRecentActivity.swift */ = {isa = PBXFileReference; lastKnownFileType = sourcecode.swift; path = SCViewRecentActivity.swift; sourceTree = "<group>"; };
		554972A82D9C62620080E062 /* SCViewUsersInfo.swift */ = {isa = PBXFileReference; lastKnownFileType = sourcecode.swift; path = SCViewUsersInfo.swift; sourceTree = "<group>"; };
		554972AA2D9C626B0080E062 /* SCViewUsers.swift */ = {isa = PBXFileReference; lastKnownFileType = sourcecode.swift; path = SCViewUsers.swift; sourceTree = "<group>"; };
		554972AC2D9C62760080E062 /* SCViewTransactionsInfo.swift */ = {isa = PBXFileReference; lastKnownFileType = sourcecode.swift; path = SCViewTransactionsInfo.swift; sourceTree = "<group>"; };
		554972AE2D9C62840080E062 /* SCViewTransactions.swift */ = {isa = PBXFileReference; lastKnownFileType = sourcecode.swift; path = SCViewTransactions.swift; sourceTree = "<group>"; };
		554972B12D9C62E90080E062 /* SCModelOfAcces.swift */ = {isa = PBXFileReference; lastKnownFileType = sourcecode.swift; path = SCModelOfAcces.swift; sourceTree = "<group>"; };
		554972B32D9C62F30080E062 /* SCStructOfAcces.swift */ = {isa = PBXFileReference; lastKnownFileType = sourcecode.swift; path = SCStructOfAcces.swift; sourceTree = "<group>"; };
		554972B52D9DAF3B0080E062 /* GoogleService-Info.plist */ = {isa = PBXFileReference; fileEncoding = 4; lastKnownFileType = text.plist.xml; path = "GoogleService-Info.plist"; sourceTree = "<group>"; };
		554972B72D9E33260080E062 /* SCLoginView.swift */ = {isa = PBXFileReference; lastKnownFileType = sourcecode.swift; path = SCLoginView.swift; sourceTree = "<group>"; };
/* End PBXFileReference section */

/* Begin PBXFrameworksBuildPhase section */
		5549727B2D9C5E0C0080E062 /* Frameworks */ = {
			isa = PBXFrameworksBuildPhase;
			buildActionMask = 2147483647;
			files = (
			);
			runOnlyForDeploymentPostprocessing = 0;
		};
/* End PBXFrameworksBuildPhase section */

/* Begin PBXGroup section */
		554972752D9C5E0C0080E062 = {
			isa = PBXGroup;
			children = (
				554972802D9C5E0C0080E062 /* SmartCoto_App */,
				5549727F2D9C5E0C0080E062 /* Products */,
			);
			sourceTree = "<group>";
		};
		5549727F2D9C5E0C0080E062 /* Products */ = {
			isa = PBXGroup;
			children = (
				5549727E2D9C5E0C0080E062 /* SmartCoto_App.app */,
			);
			name = Products;
			sourceTree = "<group>";
		};
		554972802D9C5E0C0080E062 /* SmartCoto_App */ = {
			isa = PBXGroup;
			children = (
				554972812D9C5E0C0080E062 /* AppDelegate.swift */,
				554972832D9C5E0C0080E062 /* SceneDelegate.swift */,
				554972972D9C61160080E062 /* SCLogin */,
				5549729A2D9C619C0080E062 /* SCHome */,
				554972872D9C5E0C0080E062 /* Main.storyboard */,
				5549728A2D9C5E0D0080E062 /* Assets.xcassets */,
				5549728C2D9C5E0D0080E062 /* LaunchScreen.storyboard */,
				5549728F2D9C5E0D0080E062 /* Info.plist */,
				554972B52D9DAF3B0080E062 /* GoogleService-Info.plist */,
			);
			path = SmartCoto_App;
			sourceTree = "<group>";
		};
		554972972D9C61160080E062 /* SCLogin */ = {
			isa = PBXGroup;
			children = (
				554972B72D9E33260080E062 /* SCLoginView.swift */,
			);
			path = SCLogin;
			sourceTree = "<group>";
		};
		5549729A2D9C619C0080E062 /* SCHome */ = {
			isa = PBXGroup;
			children = (
				5549729B2D9C61B50080E062 /* SCHomeView.swift */,
				5549729D2D9C61E80080E062 /* SCViewsOfHome */,
				554972B02D9C62A80080E062 /* SCModelsOfInformation */,
			);
			path = SCHome;
			sourceTree = "<group>";
		};
		5549729D2D9C61E80080E062 /* SCViewsOfHome */ = {
			isa = PBXGroup;
			children = (
				5549729E2D9C622B0080E062 /* SCViewSelectedDate.swift */,
				554972A02D9C62370080E062 /* SCViewAcces.swift */,
				554972A22D9C62450080E062 /* SCQuickActions.swift */,
				554972A42D9C624E0080E062 /* SCViewMetrics.swift */,
				554972A62D9C62580080E062 /* SCViewRecentActivity.swift */,
				554972A82D9C62620080E062 /* SCViewUsersInfo.swift */,
				554972AA2D9C626B0080E062 /* SCViewUsers.swift */,
				554972AC2D9C62760080E062 /* SCViewTransactionsInfo.swift */,
				554972AE2D9C62840080E062 /* SCViewTransactions.swift */,
			);
			path = SCViewsOfHome;
			sourceTree = "<group>";
		};
		554972B02D9C62A80080E062 /* SCModelsOfInformation */ = {
			isa = PBXGroup;
			children = (
				554972B12D9C62E90080E062 /* SCModelOfAcces.swift */,
				554972B32D9C62F30080E062 /* SCStructOfAcces.swift */,
			);
			path = SCModelsOfInformation;
			sourceTree = "<group>";
		};
/* End PBXGroup section */

/* Begin PBXNativeTarget section */
		5549727D2D9C5E0C0080E062 /* SmartCoto_App */ = {
			isa = PBXNativeTarget;
			buildConfigurationList = 554972922D9C5E0D0080E062 /* Build configuration list for PBXNativeTarget "SmartCoto_App" */;
			buildPhases = (
				5549727A2D9C5E0C0080E062 /* Sources */,
				5549727B2D9C5E0C0080E062 /* Frameworks */,
				5549727C2D9C5E0C0080E062 /* Resources */,
			);
			buildRules = (
			);
			dependencies = (
			);
			name = SmartCoto_App;
			productName = SmartCoto_App;
			productReference = 5549727E2D9C5E0C0080E062 /* SmartCoto_App.app */;
			productType = "com.apple.product-type.application";
		};
/* End PBXNativeTarget section */

/* Begin PBXProject section */
		554972762D9C5E0C0080E062 /* Project object */ = {
			isa = PBXProject;
			attributes = {
				BuildIndependentTargetsInParallel = 1;
				LastSwiftUpdateCheck = 1320;
				LastUpgradeCheck = 1320;
				TargetAttributes = {
					5549727D2D9C5E0C0080E062 = {
						CreatedOnToolsVersion = 13.2;
					};
				};
			};
			buildConfigurationList = 554972792D9C5E0C0080E062 /* Build configuration list for PBXProject "SmartCoto_App" */;
			compatibilityVersion = "Xcode 13.0";
			developmentRegion = en;
			hasScannedForEncodings = 0;
			knownRegions = (
				en,
				Base,
			);
			mainGroup = 554972752D9C5E0C0080E062;
			productRefGroup = 5549727F2D9C5E0C0080E062 /* Products */;
			projectDirPath = "";
			projectRoot = "";
			targets = (
				5549727D2D9C5E0C0080E062 /* SmartCoto_App */,
			);
		};
/* End PBXProject section */

/* Begin PBXResourcesBuildPhase section */
		5549727C2D9C5E0C0080E062 /* Resources */ = {
			isa = PBXResourcesBuildPhase;
			buildActionMask = 2147483647;
			files = (
				5549728E2D9C5E0D0080E062 /* LaunchScreen.storyboard in Resources */,
				554972B62D9DAF3B0080E062 /* GoogleService-Info.plist in Resources */,
				5549728B2D9C5E0D0080E062 /* Assets.xcassets in Resources */,
				554972892D9C5E0C0080E062 /* Main.storyboard in Resources */,
			);
			runOnlyForDeploymentPostprocessing = 0;
		};
/* End PBXResourcesBuildPhase section */

/* Begin PBXSourcesBuildPhase section */
		5549727A2D9C5E0C0080E062 /* Sources */ = {
			isa = PBXSourcesBuildPhase;
			buildActionMask = 2147483647;
			files = (
				554972A12D9C62370080E062 /* SCViewAcces.swift in Sources */,
				554972A72D9C62580080E062 /* SCViewRecentActivity.swift in Sources */,
				554972AB2D9C626B0080E062 /* SCViewUsers.swift in Sources */,
				5549729C2D9C61B50080E062 /* SCHomeView.swift in Sources */,
				554972A32D9C62450080E062 /* SCQuickActions.swift in Sources */,
				554972822D9C5E0C0080E062 /* AppDelegate.swift in Sources */,
				554972B82D9E33260080E062 /* SCLoginView.swift in Sources */,
				554972B22D9C62E90080E062 /* SCModelOfAcces.swift in Sources */,
				554972A52D9C624E0080E062 /* SCViewMetrics.swift in Sources */,
				554972AF2D9C62840080E062 /* SCViewTransactions.swift in Sources */,
				554972842D9C5E0C0080E062 /* SceneDelegate.swift in Sources */,
				554972A92D9C62620080E062 /* SCViewUsersInfo.swift in Sources */,
				5549729F2D9C622B0080E062 /* SCViewSelectedDate.swift in Sources */,
				554972AD2D9C62760080E062 /* SCViewTransactionsInfo.swift in Sources */,
				554972B42D9C62F30080E062 /* SCStructOfAcces.swift in Sources */,
			);
			runOnlyForDeploymentPostprocessing = 0;
		};
/* End PBXSourcesBuildPhase section */

/* Begin PBXVariantGroup section */
		554972872D9C5E0C0080E062 /* Main.storyboard */ = {
			isa = PBXVariantGroup;
			children = (
				554972882D9C5E0C0080E062 /* Base */,
			);
			name = Main.storyboard;
			sourceTree = "<group>";
		};
		5549728C2D9C5E0D0080E062 /* LaunchScreen.storyboard */ = {
			isa = PBXVariantGroup;
			children = (
				5549728D2D9C5E0D0080E062 /* Base */,
			);
			name = LaunchScreen.storyboard;
			sourceTree = "<group>";
		};
/* End PBXVariantGroup section */

/* Begin XCBuildConfiguration section */
		554972902D9C5E0D0080E062 /* Debug */ = {
			isa = XCBuildConfiguration;
			buildSettings = {
				ALWAYS_SEARCH_USER_PATHS = NO;
				CLANG_ANALYZER_NONNULL = YES;
				CLANG_ANALYZER_NUMBER_OBJECT_CONVERSION = YES_AGGRESSIVE;
				CLANG_CXX_LANGUAGE_STANDARD = "gnu++17";
				CLANG_CXX_LIBRARY = "libc++";
				CLANG_ENABLE_MODULES = YES;
				CLANG_ENABLE_OBJC_ARC = YES;
				CLANG_ENABLE_OBJC_WEAK = YES;
				CLANG_WARN_BLOCK_CAPTURE_AUTORELEASING = YES;
				CLANG_WARN_BOOL_CONVERSION = YES;
				CLANG_WARN_COMMA = YES;
				CLANG_WARN_CONSTANT_CONVERSION = YES;
				CLANG_WARN_DEPRECATED_OBJC_IMPLEMENTATIONS = YES;
				CLANG_WARN_DIRECT_OBJC_ISA_USAGE = YES_ERROR;
				CLANG_WARN_DOCUMENTATION_COMMENTS = YES;
				CLANG_WARN_EMPTY_BODY = YES;
				CLANG_WARN_ENUM_CONVERSION = YES;
				CLANG_WARN_INFINITE_RECURSION = YES;
				CLANG_WARN_INT_CONVERSION = YES;
				CLANG_WARN_NON_LITERAL_NULL_CONVERSION = YES;
				CLANG_WARN_OBJC_IMPLICIT_RETAIN_SELF = YES;
				CLANG_WARN_OBJC_LITERAL_CONVERSION = YES;
				CLANG_WARN_OBJC_ROOT_CLASS = YES_ERROR;
				CLANG_WARN_QUOTED_INCLUDE_IN_FRAMEWORK_HEADER = YES;
				CLANG_WARN_RANGE_LOOP_ANALYSIS = YES;
				CLANG_WARN_STRICT_PROTOTYPES = YES;
				CLANG_WARN_SUSPICIOUS_MOVE = YES;
				CLANG_WARN_UNGUARDED_AVAILABILITY = YES_AGGRESSIVE;
				CLANG_WARN_UNREACHABLE_CODE = YES;
				CLANG_WARN__DUPLICATE_METHOD_MATCH = YES;
				COPY_PHASE_STRIP = NO;
				DEBUG_INFORMATION_FORMAT = dwarf;
				ENABLE_STRICT_OBJC_MSGSEND = YES;
				ENABLE_TESTABILITY = YES;
				GCC_C_LANGUAGE_STANDARD = gnu11;
				GCC_DYNAMIC_NO_PIC = NO;
				GCC_NO_COMMON_BLOCKS = YES;
				GCC_OPTIMIZATION_LEVEL = 0;
				GCC_PREPROCESSOR_DEFINITIONS = (
					"DEBUG=1",
					"$(inherited)",
				);
				GCC_WARN_64_TO_32_BIT_CONVERSION = YES;
				GCC_WARN_ABOUT_RETURN_TYPE = YES_ERROR;
				GCC_WARN_UNDECLARED_SELECTOR = YES;
				GCC_WARN_UNINITIALIZED_AUTOS = YES_AGGRESSIVE;
				GCC_WARN_UNUSED_FUNCTION = YES;
				GCC_WARN_UNUSED_VARIABLE = YES;
				IPHONEOS_DEPLOYMENT_TARGET = 15.2;
				MTL_ENABLE_DEBUG_INFO = INCLUDE_SOURCE;
				MTL_FAST_MATH = YES;
				ONLY_ACTIVE_ARCH = YES;
				SDKROOT = iphoneos;
				SWIFT_ACTIVE_COMPILATION_CONDITIONS = DEBUG;
				SWIFT_OPTIMIZATION_LEVEL = "-Onone";
			};
			name = Debug;
		};
		554972912D9C5E0D0080E062 /* Release */ = {
			isa = XCBuildConfiguration;
			buildSettings = {
				ALWAYS_SEARCH_USER_PATHS = NO;
				CLANG_ANALYZER_NONNULL = YES;
				CLANG_ANALYZER_NUMBER_OBJECT_CONVERSION = YES_AGGRESSIVE;
				CLANG_CXX_LANGUAGE_STANDARD = "gnu++17";
				CLANG_CXX_LIBRARY = "libc++";
				CLANG_ENABLE_MODULES = YES;
				CLANG_ENABLE_OBJC_ARC = YES;
				CLANG_ENABLE_OBJC_WEAK = YES;
				CLANG_WARN_BLOCK_CAPTURE_AUTORELEASING = YES;
				CLANG_WARN_BOOL_CONVERSION = YES;
				CLANG_WARN_COMMA = YES;
				CLANG_WARN_CONSTANT_CONVERSION = YES;
				CLANG_WARN_DEPRECATED_OBJC_IMPLEMENTATIONS = YES;
				CLANG_WARN_DIRECT_OBJC_ISA_USAGE = YES_ERROR;
				CLANG_WARN_DOCUMENTATION_COMMENTS = YES;
				CLANG_WARN_EMPTY_BODY = YES;
				CLANG_WARN_ENUM_CONVERSION = YES;
				CLANG_WARN_INFINITE_RECURSION = YES;
				CLANG_WARN_INT_CONVERSION = YES;
				CLANG_WARN_NON_LITERAL_NULL_CONVERSION = YES;
				CLANG_WARN_OBJC_IMPLICIT_RETAIN_SELF = YES;
				CLANG_WARN_OBJC_LITERAL_CONVERSION = YES;
				CLANG_WARN_OBJC_ROOT_CLASS = YES_ERROR;
				CLANG_WARN_QUOTED_INCLUDE_IN_FRAMEWORK_HEADER = YES;
				CLANG_WARN_RANGE_LOOP_ANALYSIS = YES;
				CLANG_WARN_STRICT_PROTOTYPES = YES;
				CLANG_WARN_SUSPICIOUS_MOVE = YES;
				CLANG_WARN_UNGUARDED_AVAILABILITY = YES_AGGRESSIVE;
				CLANG_WARN_UNREACHABLE_CODE = YES;
				CLANG_WARN__DUPLICATE_METHOD_MATCH = YES;
				COPY_PHASE_STRIP = NO;
				DEBUG_INFORMATION_FORMAT = "dwarf-with-dsym";
				ENABLE_NS_ASSERTIONS = NO;
				ENABLE_STRICT_OBJC_MSGSEND = YES;
				GCC_C_LANGUAGE_STANDARD = gnu11;
				GCC_NO_COMMON_BLOCKS = YES;
				GCC_WARN_64_TO_32_BIT_CONVERSION = YES;
				GCC_WARN_ABOUT_RETURN_TYPE = YES_ERROR;
				GCC_WARN_UNDECLARED_SELECTOR = YES;
				GCC_WARN_UNINITIALIZED_AUTOS = YES_AGGRESSIVE;
				GCC_WARN_UNUSED_FUNCTION = YES;
				GCC_WARN_UNUSED_VARIABLE = YES;
				IPHONEOS_DEPLOYMENT_TARGET = 15.2;
				MTL_ENABLE_DEBUG_INFO = NO;
				MTL_FAST_MATH = YES;
				SDKROOT = iphoneos;
				SWIFT_COMPILATION_MODE = wholemodule;
				SWIFT_OPTIMIZATION_LEVEL = "-O";
				VALIDATE_PRODUCT = YES;
			};
			name = Release;
		};
		554972932D9C5E0D0080E062 /* Debug */ = {
			isa = XCBuildConfiguration;
			buildSettings = {
				ASSETCATALOG_COMPILER_APPICON_NAME = AppIcon;
				ASSETCATALOG_COMPILER_GLOBAL_ACCENT_COLOR_NAME = AccentColor;
				CODE_SIGN_STYLE = Automatic;
				CURRENT_PROJECT_VERSION = 1;
				DEVELOPMENT_TEAM = 8GY642CWUB;
				GENERATE_INFOPLIST_FILE = YES;
				INFOPLIST_FILE = SmartCoto_App/Info.plist;
				INFOPLIST_KEY_UIApplicationSupportsIndirectInputEvents = YES;
				INFOPLIST_KEY_UILaunchStoryboardName = LaunchScreen;
				INFOPLIST_KEY_UIMainStoryboardFile = Main;
				INFOPLIST_KEY_UISupportedInterfaceOrientations_iPad = "UIInterfaceOrientationPortrait UIInterfaceOrientationPortraitUpsideDown UIInterfaceOrientationLandscapeLeft UIInterfaceOrientationLandscapeRight";
				INFOPLIST_KEY_UISupportedInterfaceOrientations_iPhone = "UIInterfaceOrientationPortrait UIInterfaceOrientationLandscapeLeft UIInterfaceOrientationLandscapeRight";
				LD_RUNPATH_SEARCH_PATHS = (
					"$(inherited)",
					"@executable_path/Frameworks",
				);
				MARKETING_VERSION = 1.0;
				PRODUCT_BUNDLE_IDENTIFIER = "Swift-inicio.SmartCoto-App";
				PRODUCT_NAME = "$(TARGET_NAME)";
				SWIFT_EMIT_LOC_STRINGS = YES;
				SWIFT_VERSION = 5.0;
				TARGETED_DEVICE_FAMILY = "1,2";
			};
			name = Debug;
		};
		554972942D9C5E0D0080E062 /* Release */ = {
			isa = XCBuildConfiguration;
			buildSettings = {
				ASSETCATALOG_COMPILER_APPICON_NAME = AppIcon;
				ASSETCATALOG_COMPILER_GLOBAL_ACCENT_COLOR_NAME = AccentColor;
				CODE_SIGN_STYLE = Automatic;
				CURRENT_PROJECT_VERSION = 1;
				DEVELOPMENT_TEAM = 8GY642CWUB;
				GENERATE_INFOPLIST_FILE = YES;
				INFOPLIST_FILE = SmartCoto_App/Info.plist;
				INFOPLIST_KEY_UIApplicationSupportsIndirectInputEvents = YES;
				INFOPLIST_KEY_UILaunchStoryboardName = LaunchScreen;
				INFOPLIST_KEY_UIMainStoryboardFile = Main;
				INFOPLIST_KEY_UISupportedInterfaceOrientations_iPad = "UIInterfaceOrientationPortrait UIInterfaceOrientationPortraitUpsideDown UIInterfaceOrientationLandscapeLeft UIInterfaceOrientationLandscapeRight";
				INFOPLIST_KEY_UISupportedInterfaceOrientations_iPhone = "UIInterfaceOrientationPortrait UIInterfaceOrientationLandscapeLeft UIInterfaceOrientationLandscapeRight";
				LD_RUNPATH_SEARCH_PATHS = (
					"$(inherited)",
					"@executable_path/Frameworks",
				);
				MARKETING_VERSION = 1.0;
				PRODUCT_BUNDLE_IDENTIFIER = "Swift-inicio.SmartCoto-App";
				PRODUCT_NAME = "$(TARGET_NAME)";
				SWIFT_EMIT_LOC_STRINGS = YES;
				SWIFT_VERSION = 5.0;
				TARGETED_DEVICE_FAMILY = "1,2";
			};
			name = Release;
		};
/* End XCBuildConfiguration section */

/* Begin XCConfigurationList section */
		554972792D9C5E0C0080E062 /* Build configuration list for PBXProject "SmartCoto_App" */ = {
			isa = XCConfigurationList;
			buildConfigurations = (
				554972902D9C5E0D0080E062 /* Debug */,
				554972912D9C5E0D0080E062 /* Release */,
			);
			defaultConfigurationIsVisible = 0;
			defaultConfigurationName = Release;
		};
		554972922D9C5E0D0080E062 /* Build configuration list for PBXNativeTarget "SmartCoto_App" */ = {
			isa = XCConfigurationList;
			buildConfigurations = (
				554972932D9C5E0D0080E062 /* Debug */,
				554972942D9C5E0D0080E062 /* Release */,
			);
			defaultConfigurationIsVisible = 0;
			defaultConfigurationName = Release;
		};
/* End XCConfigurationList section */
	};
	rootObject = 554972762D9C5E0C0080E062 /* Project object */;
}
